{
  "name": "sndsolutions-monorepo",
  "version": "1.0.0",
  "lockfileVersion": 3,
  "requires": true,
  "packages": {
    "": {
      "name": "sndsolutions-monorepo",
      "version": "1.0.0",
      "dependencies": {
        "ejs": "^4.0.1",
        "nodemailer": "^8.0.1"
      }
    },
    "node_modules/async": {
      "version": "3.2.6",
      "resolved": "https://registry.npmjs.org/async/-/async-3.2.6.tgz",
      "integrity": "sha512-htCUDlxyyCLMgaM3xXg0C0LW2xqfuQ6p05pCEIsXuyQ+a1koYKTuBMzRNwmybfLgvJDMd0r1LTn4+E0Ti6C2AA==",
      "license": "MIT"
    },
    "node_modules/balanced-match": {
      "version": "4.0.4",
      "resolved": "https://registry.npmjs.org/balanced-match/-/balanced-match-4.0.4.tgz",
      "integrity": "sha512-BLrgEcRTwX2o6gGxGOCNyMvGSp35YofuYzw9h1IMTRmKqttAZZVU67bdb9Pr2vUHA8+j3i2tJfjO6C6+4myGTA==",
      "license": "MIT",
      "engines": {
        "node": "18 || 20 || >=22"
      }
    },
    "node_modules/brace-expansion": {
      "version": "5.0.3",
      "resolved": "https://registry.npmjs.org/brace-expansion/-/brace-expansion-5.0.3.tgz",
      "integrity": "sha512-fy6KJm2RawA5RcHkLa1z/ScpBeA762UF9KmZQxwIbDtRJrgLzM10depAiEQ+CXYcoiqW1/m96OAAoke2nE9EeA==",
      "license": "MIT",
      "dependencies": {
        "balanced-match": "^4.0.2"
      },
      "engines": {
        "node": "18 || 20 || >=22"
      }
    },
    "node_modules/ejs": {
      "version": "4.0.1",
      "resolved": "https://registry.npmjs.org/ejs/-/ejs-4.0.1.tgz",
      "integrity": "sha512-krvQtxc0btwSm/nvnt1UpnaFDFVJpJ0fdckmALpCgShsr/iGYHTnJiUliZTgmzq/UxTX33TtOQVKaNigMQp/6Q==",
      "license": "Apache-2.0",
      "dependencies": {
        "jake": "^10.9.1"
      },
      "bin": {
        "ejs": "bin/cli.js"
      },
      "engines": {
        "node": ">=0.12.18"
      }
    },
    "node_modules/filelist": {
      "version": "1.0.5",
      "resolved": "https://registry.npmjs.org/filelist/-/filelist-1.0.5.tgz",
      "integrity": "sha512-ct/ckWBV/9Dg3MlvCXsLcSUyoWwv9mCKqlhLNB2DAuXR/NZolSXlQqP5dyy6guWlPXBhodZyZ5lGPQcbQDxrEQ==",
      "license": "Apache-2.0",
      "dependencies": {
        "minimatch": "^10.2.1"
      },
      "engines": {
        "node": "20 || >=22"
      }
    },
    "node_modules/jake": {
      "version": "10.9.4",
      "resolved": "https://registry.npmjs.org/jake/-/jake-10.9.4.tgz",
      "integrity": "sha512-wpHYzhxiVQL+IV05BLE2Xn34zW1S223hvjtqk0+gsPrwd/8JNLXJgZZM/iPFsYc1xyphF+6M6EvdE5E9MBGkDA==",
      "license": "Apache-2.0",
      "dependencies": {
        "async": "^3.2.6",
        "filelist": "^1.0.4",
        "picocolors": "^1.1.1"
      },
      "bin": {
        "jake": "bin/cli.js"
      },
      "engines": {
        "node": ">=10"
      }
    },
    "node_modules/minimatch": {
      "version": "10.2.3",
      "resolved": "https://registry.npmjs.org/minimatch/-/minimatch-10.2.3.tgz",
      "integrity": "sha512-Rwi3pnapEqirPSbWbrZaa6N3nmqq4Xer/2XooiOKyV3q12ML06f7MOuc5DVH8ONZIFhwIYQ3yzPH4nt7iWHaTg==",
      "license": "BlueOak-1.0.0",
      "dependencies": {
        "brace-expansion": "^5.0.2"
      },
      "engines": {
        "node": "18 || 20 || >=22"
      },
      "funding": {
        "url": "https://github.com/sponsors/isaacs"
      }
    },
    "node_modules/nodemailer": {
      "version": "8.0.1",
      "resolved": "https://registry.npmjs.org/nodemailer/-/nodemailer-8.0.1.tgz",
      "integrity": "sha512-5kcldIXmaEjZcHR6F28IKGSgpmZHaF1IXLWFTG+Xh3S+Cce4MiakLtWY+PlBU69fLbRa8HlaGIrC/QolUpHkhg==",
      "license": "MIT-0",
      "engines": {
        "node": ">=6.0.0"
      }
    },
    "node_modules/picocolors": {
      "version": "1.1.1",
      "resolved": "https://registry.npmjs.org/picocolors/-/picocolors-1.1.1.tgz",
      "integrity": "sha512-xceH2snhtb5M9liqDsmEw56le376mTZkEX/jEb/RxNFyegNul7eNslCXP9FDj/Lcu0X8KEyMceP2ntpaHrDEVA==",
      "license": "ISC"
    }
  }
}
